
Microsoft Visual Studio Solution File, Format Version 12.00
# Visual Studio Version 16
VisualStudioVersion = 16.0.32428.217
MinimumVisualStudioVersion = 10.0.40219.1
Project("{FAE04EC0-301F-11D3-BF4B-00C04F79EFBC}") = "CaseSiparis.DataAccesLayer", "CaseSiparis.DataAccesLayer\CaseSiparis.DataAccesLayer.csproj", "{C33F8918-DD22-4667-ABFA-EFBFF7760FC3}"
EndProject
Project("{FAE04EC0-301F-11D3-BF4B-00C04F79EFBC}") = "CaseSiparis.DataEntity", "CaseSiparis.DataEntity\CaseSiparis.DataEntity.csproj", "{B7E527B6-0DB6-4FDC-A522-784FB52D8926}"
EndProject
Project("{FAE04EC0-301F-11D3-BF4B-00C04F79EFBC}") = "CaseSiparis.BusinessLayer", "CaseSiparis.BusinessLayer\CaseSiparis.BusinessLayer.csproj", "{D2EF22DF-2802-4A38-893E-B61858676FEE}"
EndProject
Project("{FAE04EC0-301F-11D3-BF4B-00C04F79EFBC}") = "CaseSiparis.UI", "CaseSiparis.UI\CaseSiparis.UI.csproj", "{94AA034D-7E54-4204-A950-EDDA3F39D14D}"
EndProject
Global
	GlobalSection(SolutionConfigurationPlatforms) = preSolution
		Debug|Any CPU = Debug|Any CPU
		Release|Any CPU = Release|Any CPU
	EndGlobalSection
	GlobalSection(ProjectConfigurationPlatforms) = postSolution
		{C33F8918-DD22-4667-ABFA-EFBFF7760FC3}.Debug|Any CPU.ActiveCfg = Debug|Any CPU
		{C33F8918-DD22-4667-ABFA-EFBFF7760FC3}.Debug|Any CPU.Build.0 = Debug|Any CPU
		{C33F8918-DD22-4667-ABFA-EFBFF7760FC3}.Release|Any CPU.ActiveCfg = Release|Any CPU
		{C33F8918-DD22-4667-ABFA-EFBFF7760FC3}.Release|Any CPU.Build.0 = Release|Any CPU
		{B7E527B6-0DB6-4FDC-A522-784FB52D8926}.Debug|Any CPU.ActiveCfg = Debug|Any CPU
		{B7E527B6-0DB6-4FDC-A522-784FB52D8926}.Debug|Any CPU.Build.0 = Debug|Any CPU
		{B7E527B6-0DB6-4FDC-A522-784FB52D8926}.Release|Any CPU.ActiveCfg = Release|Any CPU
		{B7E527B6-0DB6-4FDC-A522-784FB52D8926}.Release|Any CPU.Build.0 = Release|Any CPU
		{D2EF22DF-2802-4A38-893E-B61858676FEE}.Debug|Any CPU.ActiveCfg = Debug|Any CPU
		{D2EF22DF-2802-4A38-893E-B61858676FEE}.Debug|Any CPU.Build.0 = Debug|Any CPU
		{D2EF22DF-2802-4A38-893E-B61858676FEE}.Release|Any CPU.ActiveCfg = Release|Any CPU
		{D2EF22DF-2802-4A38-893E-B61858676FEE}.Release|Any CPU.Build.0 = Release|Any CPU
		{94AA034D-7E54-4204-A950-EDDA3F39D14D}.Debug|Any CPU.ActiveCfg = Debug|Any CPU
		{94AA034D-7E54-4204-A950-EDDA3F39D14D}.Debug|Any CPU.Build.0 = Debug|Any CPU
		{94AA034D-7E54-4204-A950-EDDA3F39D14D}.Release|Any CPU.ActiveCfg = Release|Any CPU
		{94AA034D-7E54-4204-A950-EDDA3F39D14D}.Release|Any CPU.Build.0 = Release|Any CPU
	EndGlobalSection
	GlobalSection(SolutionProperties) = preSolution
		HideSolutionNode = FALSE
	EndGlobalSection
	GlobalSection(ExtensibilityGlobals) = postSolution
		SolutionGuid = {92768C68-B139-4921-BCFE-9D27BE87E5E0}
	EndGlobalSection
EndGlobal
