
Microsoft Visual Studio Solution File, Format Version 12.00
# Visual Studio Version 16
VisualStudioVersion = 16.0.32428.217
MinimumVisualStudioVersion = 10.0.40219.1
Project("{9A19103F-16F7-4668-BE54-9A1E7A4F7556}") = "CaseSiparis", "CaseSiparis\CaseSiparis.csproj", "{19479CEE-9CD4-4750-9219-FB51236BCED2}"
EndProject
Project("{FAE04EC0-301F-11D3-BF4B-00C04F79EFBC}") = "CaseSiparis.DataEntity", "CaseSiparis.DataEntity\CaseSiparis.DataEntity.csproj", "{92C43297-1110-4944-9461-51F6F96C2D98}"
EndProject
Project("{FAE04EC0-301F-11D3-BF4B-00C04F79EFBC}") = "CaseSİparis.DataAccesLayer", "CaseSİparis.DataAccesLayer\CaseSİparis.DataAccesLayer.csproj", "{DEBF289B-261B-4CAB-97F0-0B3E572E0483}"
EndProject
Global
	GlobalSection(SolutionConfigurationPlatforms) = preSolution
		Debug|Any CPU = Debug|Any CPU
		Release|Any CPU = Release|Any CPU
	EndGlobalSection
	GlobalSection(ProjectConfigurationPlatforms) = postSolution
		{19479CEE-9CD4-4750-9219-FB51236BCED2}.Debug|Any CPU.ActiveCfg = Debug|Any CPU
		{19479CEE-9CD4-4750-9219-FB51236BCED2}.Debug|Any CPU.Build.0 = Debug|Any CPU
		{19479CEE-9CD4-4750-9219-FB51236BCED2}.Release|Any CPU.ActiveCfg = Release|Any CPU
		{19479CEE-9CD4-4750-9219-FB51236BCED2}.Release|Any CPU.Build.0 = Release|Any CPU
		{92C43297-1110-4944-9461-51F6F96C2D98}.Debug|Any CPU.ActiveCfg = Debug|Any CPU
		{92C43297-1110-4944-9461-51F6F96C2D98}.Debug|Any CPU.Build.0 = Debug|Any CPU
		{92C43297-1110-4944-9461-51F6F96C2D98}.Release|Any CPU.ActiveCfg = Release|Any CPU
		{92C43297-1110-4944-9461-51F6F96C2D98}.Release|Any CPU.Build.0 = Release|Any CPU
		{DEBF289B-261B-4CAB-97F0-0B3E572E0483}.Debug|Any CPU.ActiveCfg = Debug|Any CPU
		{DEBF289B-261B-4CAB-97F0-0B3E572E0483}.Debug|Any CPU.Build.0 = Debug|Any CPU
		{DEBF289B-261B-4CAB-97F0-0B3E572E0483}.Release|Any CPU.ActiveCfg = Release|Any CPU
		{DEBF289B-261B-4CAB-97F0-0B3E572E0483}.Release|Any CPU.Build.0 = Release|Any CPU
	EndGlobalSection
	GlobalSection(SolutionProperties) = preSolution
		HideSolutionNode = FALSE
	EndGlobalSection
	GlobalSection(ExtensibilityGlobals) = postSolution
		SolutionGuid = {92768C68-B139-4921-BCFE-9D27BE87E5E0}
	EndGlobalSection
EndGlobal
